
Microsoft Visual Studio Solution File, Format Version 12.00
# Visual Studio 15
VisualStudioVersion = 15.0.27428.2043
MinimumVisualStudioVersion = 10.0.40219.1
Project("{FAE04EC0-301F-11D3-BF4B-00C04F79EFBC}") = "GardenGnome1.Android", "GardenGnome1\GardenGnome1.Android\GardenGnome1.Android.csproj", "{C5B2B0DB-04ED-43EE-9B3D-E4C2F6265BE3}"
EndProject
Project("{FAE04EC0-301F-11D3-BF4B-00C04F79EFBC}") = "GardenGnome1.iOS", "GardenGnome1\GardenGnome1.iOS\GardenGnome1.iOS.csproj", "{57616EA7-ADEA-4647-8DFD-BB1BE910F1B5}"
EndProject
Project("{D954291E-2A0B-460D-934E-DC6B0785DB48}") = "GardenGnome1", "GardenGnome1\GardenGnome1\GardenGnome1.shproj", "{84611C5A-4339-423A-B55A-91ACD3D2EDE4}"
EndProject
Global
	GlobalSection(SharedMSBuildProjectFiles) = preSolution
		GardenGnome1\GardenGnome1\GardenGnome1.projitems*{57616ea7-adea-4647-8dfd-bb1be910f1b5}*SharedItemsImports = 4
		GardenGnome1\GardenGnome1\GardenGnome1.projitems*{84611c5a-4339-423a-b55a-91acd3d2ede4}*SharedItemsImports = 13
		GardenGnome1\GardenGnome1\GardenGnome1.projitems*{c5b2b0db-04ed-43ee-9b3d-e4c2f6265be3}*SharedItemsImports = 4
	EndGlobalSection
	GlobalSection(SolutionConfigurationPlatforms) = preSolution
		Ad-Hoc|Any CPU = Ad-Hoc|Any CPU
		Ad-Hoc|iPhone = Ad-Hoc|iPhone
		Ad-Hoc|iPhoneSimulator = Ad-Hoc|iPhoneSimulator
		AppStore|Any CPU = AppStore|Any CPU
		AppStore|iPhone = AppStore|iPhone
		AppStore|iPhoneSimulator = AppStore|iPhoneSimulator
		Debug|Any CPU = Debug|Any CPU
		Debug|iPhone = Debug|iPhone
		Debug|iPhoneSimulator = Debug|iPhoneSimulator
		Release|Any CPU = Release|Any CPU
		Release|iPhone = Release|iPhone
		Release|iPhoneSimulator = Release|iPhoneSimulator
	EndGlobalSection
	GlobalSection(ProjectConfigurationPlatforms) = postSolution
		{C5B2B0DB-04ED-43EE-9B3D-E4C2F6265BE3}.Ad-Hoc|Any CPU.ActiveCfg = Release|Any CPU
		{C5B2B0DB-04ED-43EE-9B3D-E4C2F6265BE3}.Ad-Hoc|Any CPU.Build.0 = Release|Any CPU
		{C5B2B0DB-04ED-43EE-9B3D-E4C2F6265BE3}.Ad-Hoc|Any CPU.Deploy.0 = Release|Any CPU
		{C5B2B0DB-04ED-43EE-9B3D-E4C2F6265BE3}.Ad-Hoc|iPhone.ActiveCfg = Release|Any CPU
		{C5B2B0DB-04ED-43EE-9B3D-E4C2F6265BE3}.Ad-Hoc|iPhone.Build.0 = Release|Any CPU
		{C5B2B0DB-04ED-43EE-9B3D-E4C2F6265BE3}.Ad-Hoc|iPhone.Deploy.0 = Release|Any CPU
		{C5B2B0DB-04ED-43EE-9B3D-E4C2F6265BE3}.Ad-Hoc|iPhoneSimulator.ActiveCfg = Release|Any CPU
		{C5B2B0DB-04ED-43EE-9B3D-E4C2F6265BE3}.Ad-Hoc|iPhoneSimulator.Build.0 = Release|Any CPU
		{C5B2B0DB-04ED-43EE-9B3D-E4C2F6265BE3}.Ad-Hoc|iPhoneSimulator.Deploy.0 = Release|Any CPU
		{C5B2B0DB-04ED-43EE-9B3D-E4C2F6265BE3}.AppStore|Any CPU.ActiveCfg = Release|Any CPU
		{C5B2B0DB-04ED-43EE-9B3D-E4C2F6265BE3}.AppStore|Any CPU.Build.0 = Release|Any CPU
		{C5B2B0DB-04ED-43EE-9B3D-E4C2F6265BE3}.AppStore|Any CPU.Deploy.0 = Release|Any CPU
		{C5B2B0DB-04ED-43EE-9B3D-E4C2F6265BE3}.AppStore|iPhone.ActiveCfg = Release|Any CPU
		{C5B2B0DB-04ED-43EE-9B3D-E4C2F6265BE3}.AppStore|iPhone.Build.0 = Release|Any CPU
		{C5B2B0DB-04ED-43EE-9B3D-E4C2F6265BE3}.AppStore|iPhone.Deploy.0 = Release|Any CPU
		{C5B2B0DB-04ED-43EE-9B3D-E4C2F6265BE3}.AppStore|iPhoneSimulator.ActiveCfg = Release|Any CPU
		{C5B2B0DB-04ED-43EE-9B3D-E4C2F6265BE3}.AppStore|iPhoneSimulator.Build.0 = Release|Any CPU
		{C5B2B0DB-04ED-43EE-9B3D-E4C2F6265BE3}.AppStore|iPhoneSimulator.Deploy.0 = Release|Any CPU
		{C5B2B0DB-04ED-43EE-9B3D-E4C2F6265BE3}.Debug|Any CPU.ActiveCfg = Debug|Any CPU
		{C5B2B0DB-04ED-43EE-9B3D-E4C2F6265BE3}.Debug|Any CPU.Build.0 = Debug|Any CPU
		{C5B2B0DB-04ED-43EE-9B3D-E4C2F6265BE3}.Debug|Any CPU.Deploy.0 = Debug|Any CPU
		{C5B2B0DB-04ED-43EE-9B3D-E4C2F6265BE3}.Debug|iPhone.ActiveCfg = Debug|Any CPU
		{C5B2B0DB-04ED-43EE-9B3D-E4C2F6265BE3}.Debug|iPhone.Build.0 = Debug|Any CPU
		{C5B2B0DB-04ED-43EE-9B3D-E4C2F6265BE3}.Debug|iPhone.Deploy.0 = Debug|Any CPU
		{C5B2B0DB-04ED-43EE-9B3D-E4C2F6265BE3}.Debug|iPhoneSimulator.ActiveCfg = Debug|Any CPU
		{C5B2B0DB-04ED-43EE-9B3D-E4C2F6265BE3}.Debug|iPhoneSimulator.Build.0 = Debug|Any CPU
		{C5B2B0DB-04ED-43EE-9B3D-E4C2F6265BE3}.Debug|iPhoneSimulator.Deploy.0 = Debug|Any CPU
		{C5B2B0DB-04ED-43EE-9B3D-E4C2F6265BE3}.Release|Any CPU.ActiveCfg = Release|Any CPU
		{C5B2B0DB-04ED-43EE-9B3D-E4C2F6265BE3}.Release|Any CPU.Build.0 = Release|Any CPU
		{C5B2B0DB-04ED-43EE-9B3D-E4C2F6265BE3}.Release|Any CPU.Deploy.0 = Release|Any CPU
		{C5B2B0DB-04ED-43EE-9B3D-E4C2F6265BE3}.Release|iPhone.ActiveCfg = Release|Any CPU
		{C5B2B0DB-04ED-43EE-9B3D-E4C2F6265BE3}.Release|iPhone.Build.0 = Release|Any CPU
		{C5B2B0DB-04ED-43EE-9B3D-E4C2F6265BE3}.Release|iPhone.Deploy.0 = Release|Any CPU
		{C5B2B0DB-04ED-43EE-9B3D-E4C2F6265BE3}.Release|iPhoneSimulator.ActiveCfg = Release|Any CPU
		{C5B2B0DB-04ED-43EE-9B3D-E4C2F6265BE3}.Release|iPhoneSimulator.Build.0 = Release|Any CPU
		{C5B2B0DB-04ED-43EE-9B3D-E4C2F6265BE3}.Release|iPhoneSimulator.Deploy.0 = Release|Any CPU
		{57616EA7-ADEA-4647-8DFD-BB1BE910F1B5}.Ad-Hoc|Any CPU.ActiveCfg = Ad-Hoc|iPhone
		{57616EA7-ADEA-4647-8DFD-BB1BE910F1B5}.Ad-Hoc|iPhone.ActiveCfg = Ad-Hoc|iPhone
		{57616EA7-ADEA-4647-8DFD-BB1BE910F1B5}.Ad-Hoc|iPhone.Build.0 = Ad-Hoc|iPhone
		{57616EA7-ADEA-4647-8DFD-BB1BE910F1B5}.Ad-Hoc|iPhoneSimulator.ActiveCfg = Ad-Hoc|iPhoneSimulator
		{57616EA7-ADEA-4647-8DFD-BB1BE910F1B5}.Ad-Hoc|iPhoneSimulator.Build.0 = Ad-Hoc|iPhoneSimulator
		{57616EA7-ADEA-4647-8DFD-BB1BE910F1B5}.AppStore|Any CPU.ActiveCfg = AppStore|iPhone
		{57616EA7-ADEA-4647-8DFD-BB1BE910F1B5}.AppStore|iPhone.ActiveCfg = AppStore|iPhone
		{57616EA7-ADEA-4647-8DFD-BB1BE910F1B5}.AppStore|iPhone.Build.0 = AppStore|iPhone
		{57616EA7-ADEA-4647-8DFD-BB1BE910F1B5}.AppStore|iPhoneSimulator.ActiveCfg = AppStore|iPhoneSimulator
		{57616EA7-ADEA-4647-8DFD-BB1BE910F1B5}.AppStore|iPhoneSimulator.Build.0 = AppStore|iPhoneSimulator
		{57616EA7-ADEA-4647-8DFD-BB1BE910F1B5}.Debug|Any CPU.ActiveCfg = Debug|iPhone
		{57616EA7-ADEA-4647-8DFD-BB1BE910F1B5}.Debug|iPhone.ActiveCfg = Debug|iPhone
		{57616EA7-ADEA-4647-8DFD-BB1BE910F1B5}.Debug|iPhone.Build.0 = Debug|iPhone
		{57616EA7-ADEA-4647-8DFD-BB1BE910F1B5}.Debug|iPhoneSimulator.ActiveCfg = Debug|iPhoneSimulator
		{57616EA7-ADEA-4647-8DFD-BB1BE910F1B5}.Debug|iPhoneSimulator.Build.0 = Debug|iPhoneSimulator
		{57616EA7-ADEA-4647-8DFD-BB1BE910F1B5}.Release|Any CPU.ActiveCfg = Release|iPhone
		{57616EA7-ADEA-4647-8DFD-BB1BE910F1B5}.Release|iPhone.ActiveCfg = Release|iPhone
		{57616EA7-ADEA-4647-8DFD-BB1BE910F1B5}.Release|iPhone.Build.0 = Release|iPhone
		{57616EA7-ADEA-4647-8DFD-BB1BE910F1B5}.Release|iPhoneSimulator.ActiveCfg = Release|iPhoneSimulator
		{57616EA7-ADEA-4647-8DFD-BB1BE910F1B5}.Release|iPhoneSimulator.Build.0 = Release|iPhoneSimulator
	EndGlobalSection
	GlobalSection(SolutionProperties) = preSolution
		HideSolutionNode = FALSE
	EndGlobalSection
	GlobalSection(ExtensibilityGlobals) = postSolution
		SolutionGuid = {49BD741A-83DD-4A86-8D4B-F32AD98DB24E}
	EndGlobalSection
EndGlobal
